{
  "nodes": {
    "home-manager": {
      "inputs": {
        "nixpkgs": [
          "tauridium",
          "nixpkgs"
        ]
      },
      "locked": {
        "lastModified": 1791163078,
        "narHash": "sha256-DiuwfdoZtEqVRsWuAhXcHa+cfvkr0t/xWW8ugkcxNyI=",
        "owner": "nix-community",
        "repo": "home-manager",
        "rev": "f53f3267f5d009dd8f99443505e609389d7ff267",
        "type": "github"
      },
      "original": {
        "owner": "nix-community",
        "repo": "home-manager",
        "type": "github"
      }
    },
    "nixpkgs": {
      "locked": {
        "lastModified": 1790822859,
        "narHash": "sha256-69xHQhAeMAD2wDXO7T2pcOZIF9Sga2W+JkmY2a11Ops=",
        "owner": "NixOS",
        "repo": "nixpkgs",
        "rev": "c59305bab2065cfecc4944690d9eedbb56f3a9fa",
        "type": "github"
      },
      "original": {
        "owner": "NixOS",
        "ref": "nixos-unstable",
        "repo": "nixpkgs",
        "type": "github"
      }
    },
    "root": {
      "inputs": {
        "home-manager": "home-manager",
        "tauridium": "tauridium"
      }
    },
    "rust-overlay": {
      "inputs": {
        "nixpkgs": [
          "tauridium",
          "nixpkgs"
        ]
      },
      "locked": {
        "lastModified": 1791013993,
        "narHash": "sha256-BiFPwFsbFnZH5GfWbQFKYuQNg+67aNQCoRSRNTeJFQc=",
        "owner": "oxalica",
        "repo": "rust-overlay",
        "rev": "7470661ba2b51156048af08464b82020223dc942",
        "type": "github"
      },
      "original": {
        "owner": "oxalica",
        "repo": "rust-overlay",
        "type": "github"
      }
    },
    "tauridium": {
      "inputs": {
        "nixpkgs": "nixpkgs",
        "rust-overlay": "rust-overlay"
      },
      "locked": {
        "path": "../..",
        "type": "path"
      },
      "original": {
        "path": "../..",
        "type": "path"
      },
      "parent": []
    }
  },
  "root": "root",
  "version": 7
}
